
Microsoft Visual Studio Solution File, Format Version 12.00
# Visual Studio 15
VisualStudioVersion = 15.0.28307.329
MinimumVisualStudioVersion = 10.0.40219.1
Project("{FAE04EC0-301F-11D3-BF4B-00C04F79EFBC}") = "Solid", "Solid\Solid.csproj", "{280C4DF2-27AB-4329-90D5-5F2CA68DBE2B}"
EndProject
Global
	GlobalSection(SolutionConfigurationPlatforms) = preSolution
		Debug|Any CPU = Debug|Any CPU
		Release|Any CPU = Release|Any CPU
	EndGlobalSection
	GlobalSection(ProjectConfigurationPlatforms) = postSolution
		{280C4DF2-27AB-4329-90D5-5F2CA68DBE2B}.Debug|Any CPU.ActiveCfg = Debug|Any CPU
		{280C4DF2-27AB-4329-90D5-5F2CA68DBE2B}.Debug|Any CPU.Build.0 = Debug|Any CPU
		{280C4DF2-27AB-4329-90D5-5F2CA68DBE2B}.Release|Any CPU.ActiveCfg = Release|Any CPU
		{280C4DF2-27AB-4329-90D5-5F2CA68DBE2B}.Release|Any CPU.Build.0 = Release|Any CPU
	EndGlobalSection
	GlobalSection(SolutionProperties) = preSolution
		HideSolutionNode = FALSE
	EndGlobalSection
	GlobalSection(ExtensibilityGlobals) = postSolution
		SolutionGuid = {0A8477F0-EB90-4895-A271-D062EDB88269}
	EndGlobalSection
EndGlobal
